
Microsoft Visual Studio Solution File, Format Version 12.00
# Visual Studio Version 17
VisualStudioVersion = 17.3.32519.111
MinimumVisualStudioVersion = 10.0.40219.1
Project("{2150E333-8FDC-42A3-9474-1A3956D46DE8}") = "Libs", "Libs", "{1316FAD4-0D2C-4C96-9911-58470DAFB5DB}"
EndProject
Project("{C7167F0D-BC9F-4E6E-AFE1-012C56B48DB5}") = "APKInstaller (Package)", "APKInstaller\APKInstaller (Package)\APKInstaller (Package).wapproj", "{0F1D0C89-68EF-47E7-B426-86095216BB6E}"
EndProject
Project("{9A19103F-16F7-4668-BE54-9A1E7A4F7556}") = "APKInstaller", "APKInstaller\APKInstaller\APKInstaller.csproj", "{28AF21CF-378F-4B7F-AF5A-868AD1AFD829}"
EndProject
Project("{9A19103F-16F7-4668-BE54-9A1E7A4F7556}") = "AAPTForNet", "APKInstaller\AAPTForNet\AAPTForNet.csproj", "{ACCED00F-7191-40A9-AA8C-5E48604FB167}"
EndProject
Project("{9A19103F-16F7-4668-BE54-9A1E7A4F7556}") = "AdvancedSharpAdbClient", "..\AdvancedSharpAdbClient\AdvancedSharpAdbClient\AdvancedSharpAdbClient.csproj", "{F296959F-7081-4E42-98CD-BEF69EE4219C}"
EndProject
Project("{9A19103F-16F7-4668-BE54-9A1E7A4F7556}") = "ModernWpf", "..\ModernWpf\ModernWpf\ModernWpf.csproj", "{202322BE-8008-4487-B1B8-392E713C6A14}"
EndProject
Project("{9A19103F-16F7-4668-BE54-9A1E7A4F7556}") = "ModernWpf.Controls", "..\ModernWpf\ModernWpf.Controls\ModernWpf.Controls.csproj", "{E25965B0-C792-42F4-9BAE-F2F23101685E}"
EndProject
Project("{9A19103F-16F7-4668-BE54-9A1E7A4F7556}") = "ModernWpf.MessageBox", "..\ModernWpf\ModernWpf.MessageBox\ModernWpf.MessageBox.csproj", "{AA84E3F8-96E7-4D9D-9FD7-29A0BA85FB0C}"
EndProject
Project("{2150E333-8FDC-42A3-9474-1A3956D46DE8}") = "Wix", "Wix", "{87AF60CF-C262-47D6-B029-BD26FC187F23}"
EndProject
Project("{930C7802-8A8C-48F9-8165-68863BCCD9DD}") = "APKInstaller.Bootstrapper", "APKInstaller\Installer\APKInstaller.Bootstrapper.wixproj", "{007605CC-93CC-4293-90F2-14A44AA902BA}"
EndProject
Project("{930C7802-8A8C-48F9-8165-68863BCCD9DD}") = "APKInstaller.Installer", "APKInstaller\Installer\APKInstaller.Installer.wixproj", "{02399B41-A079-4E07-9689-F426C1282C7A}"
EndProject
Global
	GlobalSection(SolutionConfigurationPlatforms) = preSolution
		Debug|Any CPU = Debug|Any CPU
		Debug|ARM = Debug|ARM
		Debug|ARM64 = Debug|ARM64
		Debug|x64 = Debug|x64
		Debug|x86 = Debug|x86
		Release|Any CPU = Release|Any CPU
		Release|ARM = Release|ARM
		Release|ARM64 = Release|ARM64
		Release|x64 = Release|x64
		Release|x86 = Release|x86
	EndGlobalSection
	GlobalSection(ProjectConfigurationPlatforms) = postSolution
		{0F1D0C89-68EF-47E7-B426-86095216BB6E}.Debug|Any CPU.ActiveCfg = Debug|Any CPU
		{0F1D0C89-68EF-47E7-B426-86095216BB6E}.Debug|Any CPU.Build.0 = Debug|Any CPU
		{0F1D0C89-68EF-47E7-B426-86095216BB6E}.Debug|Any CPU.Deploy.0 = Debug|Any CPU
		{0F1D0C89-68EF-47E7-B426-86095216BB6E}.Debug|ARM.ActiveCfg = Debug|ARM
		{0F1D0C89-68EF-47E7-B426-86095216BB6E}.Debug|ARM.Build.0 = Debug|ARM
		{0F1D0C89-68EF-47E7-B426-86095216BB6E}.Debug|ARM.Deploy.0 = Debug|ARM
		{0F1D0C89-68EF-47E7-B426-86095216BB6E}.Debug|ARM64.ActiveCfg = Debug|ARM64
		{0F1D0C89-68EF-47E7-B426-86095216BB6E}.Debug|ARM64.Build.0 = Debug|ARM64
		{0F1D0C89-68EF-47E7-B426-86095216BB6E}.Debug|ARM64.Deploy.0 = Debug|ARM64
		{0F1D0C89-68EF-47E7-B426-86095216BB6E}.Debug|x64.ActiveCfg = Debug|x64
		{0F1D0C89-68EF-47E7-B426-86095216BB6E}.Debug|x64.Build.0 = Debug|x64
		{0F1D0C89-68EF-47E7-B426-86095216BB6E}.Debug|x64.Deploy.0 = Debug|x64
		{0F1D0C89-68EF-47E7-B426-86095216BB6E}.Debug|x86.ActiveCfg = Debug|x86
		{0F1D0C89-68EF-47E7-B426-86095216BB6E}.Debug|x86.Build.0 = Debug|x86
		{0F1D0C89-68EF-47E7-B426-86095216BB6E}.Debug|x86.Deploy.0 = Debug|x86
		{0F1D0C89-68EF-47E7-B426-86095216BB6E}.Release|Any CPU.ActiveCfg = Release|Any CPU
		{0F1D0C89-68EF-47E7-B426-86095216BB6E}.Release|Any CPU.Build.0 = Release|Any CPU
		{0F1D0C89-68EF-47E7-B426-86095216BB6E}.Release|Any CPU.Deploy.0 = Release|Any CPU
		{0F1D0C89-68EF-47E7-B426-86095216BB6E}.Release|ARM.ActiveCfg = Release|ARM
		{0F1D0C89-68EF-47E7-B426-86095216BB6E}.Release|ARM.Build.0 = Release|ARM
		{0F1D0C89-68EF-47E7-B426-86095216BB6E}.Release|ARM.Deploy.0 = Release|ARM
		{0F1D0C89-68EF-47E7-B426-86095216BB6E}.Release|ARM64.ActiveCfg = Release|ARM64
		{0F1D0C89-68EF-47E7-B426-86095216BB6E}.Release|ARM64.Build.0 = Release|ARM64
		{0F1D0C89-68EF-47E7-B426-86095216BB6E}.Release|ARM64.Deploy.0 = Release|ARM64
		{0F1D0C89-68EF-47E7-B426-86095216BB6E}.Release|x64.ActiveCfg = Release|x64
		{0F1D0C89-68EF-47E7-B426-86095216BB6E}.Release|x64.Build.0 = Release|x64
		{0F1D0C89-68EF-47E7-B426-86095216BB6E}.Release|x64.Deploy.0 = Release|x64
		{0F1D0C89-68EF-47E7-B426-86095216BB6E}.Release|x86.ActiveCfg = Release|x86
		{0F1D0C89-68EF-47E7-B426-86095216BB6E}.Release|x86.Build.0 = Release|x86
		{0F1D0C89-68EF-47E7-B426-86095216BB6E}.Release|x86.Deploy.0 = Release|x86
		{28AF21CF-378F-4B7F-AF5A-868AD1AFD829}.Debug|Any CPU.ActiveCfg = Debug|Any CPU
		{28AF21CF-378F-4B7F-AF5A-868AD1AFD829}.Debug|Any CPU.Build.0 = Debug|Any CPU
		{28AF21CF-378F-4B7F-AF5A-868AD1AFD829}.Debug|ARM.ActiveCfg = Debug|Any CPU
		{28AF21CF-378F-4B7F-AF5A-868AD1AFD829}.Debug|ARM.Build.0 = Debug|Any CPU
		{28AF21CF-378F-4B7F-AF5A-868AD1AFD829}.Debug|ARM64.ActiveCfg = Debug|Any CPU
		{28AF21CF-378F-4B7F-AF5A-868AD1AFD829}.Debug|ARM64.Build.0 = Debug|Any CPU
		{28AF21CF-378F-4B7F-AF5A-868AD1AFD829}.Debug|x64.ActiveCfg = Debug|Any CPU
		{28AF21CF-378F-4B7F-AF5A-868AD1AFD829}.Debug|x64.Build.0 = Debug|Any CPU
		{28AF21CF-378F-4B7F-AF5A-868AD1AFD829}.Debug|x86.ActiveCfg = Debug|Any CPU
		{28AF21CF-378F-4B7F-AF5A-868AD1AFD829}.Debug|x86.Build.0 = Debug|Any CPU
		{28AF21CF-378F-4B7F-AF5A-868AD1AFD829}.Release|Any CPU.ActiveCfg = Release|Any CPU
		{28AF21CF-378F-4B7F-AF5A-868AD1AFD829}.Release|Any CPU.Build.0 = Release|Any CPU
		{28AF21CF-378F-4B7F-AF5A-868AD1AFD829}.Release|ARM.ActiveCfg = Release|Any CPU
		{28AF21CF-378F-4B7F-AF5A-868AD1AFD829}.Release|ARM.Build.0 = Release|Any CPU
		{28AF21CF-378F-4B7F-AF5A-868AD1AFD829}.Release|ARM64.ActiveCfg = Release|Any CPU
		{28AF21CF-378F-4B7F-AF5A-868AD1AFD829}.Release|ARM64.Build.0 = Release|Any CPU
		{28AF21CF-378F-4B7F-AF5A-868AD1AFD829}.Release|x64.ActiveCfg = Release|Any CPU
		{28AF21CF-378F-4B7F-AF5A-868AD1AFD829}.Release|x64.Build.0 = Release|Any CPU
		{28AF21CF-378F-4B7F-AF5A-868AD1AFD829}.Release|x86.ActiveCfg = Release|Any CPU
		{28AF21CF-378F-4B7F-AF5A-868AD1AFD829}.Release|x86.Build.0 = Release|Any CPU
		{ACCED00F-7191-40A9-AA8C-5E48604FB167}.Debug|Any CPU.ActiveCfg = Debug|Any CPU
		{ACCED00F-7191-40A9-AA8C-5E48604FB167}.Debug|Any CPU.Build.0 = Debug|Any CPU
		{ACCED00F-7191-40A9-AA8C-5E48604FB167}.Debug|ARM.ActiveCfg = Debug|Any CPU
		{ACCED00F-7191-40A9-AA8C-5E48604FB167}.Debug|ARM.Build.0 = Debug|Any CPU
		{ACCED00F-7191-40A9-AA8C-5E48604FB167}.Debug|ARM64.ActiveCfg = Debug|Any CPU
		{ACCED00F-7191-40A9-AA8C-5E48604FB167}.Debug|ARM64.Build.0 = Debug|Any CPU
		{ACCED00F-7191-40A9-AA8C-5E48604FB167}.Debug|x64.ActiveCfg = Debug|Any CPU
		{ACCED00F-7191-40A9-AA8C-5E48604FB167}.Debug|x64.Build.0 = Debug|Any CPU
		{ACCED00F-7191-40A9-AA8C-5E48604FB167}.Debug|x86.ActiveCfg = Debug|Any CPU
		{ACCED00F-7191-40A9-AA8C-5E48604FB167}.Debug|x86.Build.0 = Debug|Any CPU
		{ACCED00F-7191-40A9-AA8C-5E48604FB167}.Release|Any CPU.ActiveCfg = Release|Any CPU
		{ACCED00F-7191-40A9-AA8C-5E48604FB167}.Release|Any CPU.Build.0 = Release|Any CPU
		{ACCED00F-7191-40A9-AA8C-5E48604FB167}.Release|ARM.ActiveCfg = Release|Any CPU
		{ACCED00F-7191-40A9-AA8C-5E48604FB167}.Release|ARM.Build.0 = Release|Any CPU
		{ACCED00F-7191-40A9-AA8C-5E48604FB167}.Release|ARM64.ActiveCfg = Release|Any CPU
		{ACCED00F-7191-40A9-AA8C-5E48604FB167}.Release|ARM64.Build.0 = Release|Any CPU
		{ACCED00F-7191-40A9-AA8C-5E48604FB167}.Release|x64.ActiveCfg = Release|Any CPU
		{ACCED00F-7191-40A9-AA8C-5E48604FB167}.Release|x64.Build.0 = Release|Any CPU
		{ACCED00F-7191-40A9-AA8C-5E48604FB167}.Release|x86.ActiveCfg = Release|Any CPU
		{ACCED00F-7191-40A9-AA8C-5E48604FB167}.Release|x86.Build.0 = Release|Any CPU
		{F296959F-7081-4E42-98CD-BEF69EE4219C}.Debug|Any CPU.ActiveCfg = Debug|Any CPU
		{F296959F-7081-4E42-98CD-BEF69EE4219C}.Debug|Any CPU.Build.0 = Debug|Any CPU
		{F296959F-7081-4E42-98CD-BEF69EE4219C}.Debug|ARM.ActiveCfg = Debug|Any CPU
		{F296959F-7081-4E42-98CD-BEF69EE4219C}.Debug|ARM.Build.0 = Debug|Any CPU
		{F296959F-7081-4E42-98CD-BEF69EE4219C}.Debug|ARM64.ActiveCfg = Debug|Any CPU
		{F296959F-7081-4E42-98CD-BEF69EE4219C}.Debug|ARM64.Build.0 = Debug|Any CPU
		{F296959F-7081-4E42-98CD-BEF69EE4219C}.Debug|x64.ActiveCfg = Debug|Any CPU
		{F296959F-7081-4E42-98CD-BEF69EE4219C}.Debug|x64.Build.0 = Debug|Any CPU
		{F296959F-7081-4E42-98CD-BEF69EE4219C}.Debug|x86.ActiveCfg = Debug|Any CPU
		{F296959F-7081-4E42-98CD-BEF69EE4219C}.Debug|x86.Build.0 = Debug|Any CPU
		{F296959F-7081-4E42-98CD-BEF69EE4219C}.Release|Any CPU.ActiveCfg = Release|Any CPU
		{F296959F-7081-4E42-98CD-BEF69EE4219C}.Release|Any CPU.Build.0 = Release|Any CPU
		{F296959F-7081-4E42-98CD-BEF69EE4219C}.Release|ARM.ActiveCfg = Release|Any CPU
		{F296959F-7081-4E42-98CD-BEF69EE4219C}.Release|ARM.Build.0 = Release|Any CPU
		{F296959F-7081-4E42-98CD-BEF69EE4219C}.Release|ARM64.ActiveCfg = Release|Any CPU
		{F296959F-7081-4E42-98CD-BEF69EE4219C}.Release|ARM64.Build.0 = Release|Any CPU
		{F296959F-7081-4E42-98CD-BEF69EE4219C}.Release|x64.ActiveCfg = Release|Any CPU
		{F296959F-7081-4E42-98CD-BEF69EE4219C}.Release|x64.Build.0 = Release|Any CPU
		{F296959F-7081-4E42-98CD-BEF69EE4219C}.Release|x86.ActiveCfg = Release|Any CPU
		{F296959F-7081-4E42-98CD-BEF69EE4219C}.Release|x86.Build.0 = Release|Any CPU
		{202322BE-8008-4487-B1B8-392E713C6A14}.Debug|Any CPU.ActiveCfg = Debug|Any CPU
		{202322BE-8008-4487-B1B8-392E713C6A14}.Debug|Any CPU.Build.0 = Debug|Any CPU
		{202322BE-8008-4487-B1B8-392E713C6A14}.Debug|ARM.ActiveCfg = Debug|Any CPU
		{202322BE-8008-4487-B1B8-392E713C6A14}.Debug|ARM.Build.0 = Debug|Any CPU
		{202322BE-8008-4487-B1B8-392E713C6A14}.Debug|ARM64.ActiveCfg = Debug|Any CPU
		{202322BE-8008-4487-B1B8-392E713C6A14}.Debug|ARM64.Build.0 = Debug|Any CPU
		{202322BE-8008-4487-B1B8-392E713C6A14}.Debug|x64.ActiveCfg = Debug|Any CPU
		{202322BE-8008-4487-B1B8-392E713C6A14}.Debug|x64.Build.0 = Debug|Any CPU
		{202322BE-8008-4487-B1B8-392E713C6A14}.Debug|x86.ActiveCfg = Debug|Any CPU
		{202322BE-8008-4487-B1B8-392E713C6A14}.Debug|x86.Build.0 = Debug|Any CPU
		{202322BE-8008-4487-B1B8-392E713C6A14}.Release|Any CPU.ActiveCfg = Release|Any CPU
		{202322BE-8008-4487-B1B8-392E713C6A14}.Release|Any CPU.Build.0 = Release|Any CPU
		{202322BE-8008-4487-B1B8-392E713C6A14}.Release|ARM.ActiveCfg = Release|Any CPU
		{202322BE-8008-4487-B1B8-392E713C6A14}.Release|ARM.Build.0 = Release|Any CPU
		{202322BE-8008-4487-B1B8-392E713C6A14}.Release|ARM64.ActiveCfg = Release|Any CPU
		{202322BE-8008-4487-B1B8-392E713C6A14}.Release|ARM64.Build.0 = Release|Any CPU
		{202322BE-8008-4487-B1B8-392E713C6A14}.Release|x64.ActiveCfg = Release|Any CPU
		{202322BE-8008-4487-B1B8-392E713C6A14}.Release|x64.Build.0 = Release|Any CPU
		{202322BE-8008-4487-B1B8-392E713C6A14}.Release|x86.ActiveCfg = Release|Any CPU
		{202322BE-8008-4487-B1B8-392E713C6A14}.Release|x86.Build.0 = Release|Any CPU
		{E25965B0-C792-42F4-9BAE-F2F23101685E}.Debug|Any CPU.ActiveCfg = Debug|Any CPU
		{E25965B0-C792-42F4-9BAE-F2F23101685E}.Debug|Any CPU.Build.0 = Debug|Any CPU
		{E25965B0-C792-42F4-9BAE-F2F23101685E}.Debug|ARM.ActiveCfg = Debug|Any CPU
		{E25965B0-C792-42F4-9BAE-F2F23101685E}.Debug|ARM.Build.0 = Debug|Any CPU
		{E25965B0-C792-42F4-9BAE-F2F23101685E}.Debug|ARM64.ActiveCfg = Debug|Any CPU
		{E25965B0-C792-42F4-9BAE-F2F23101685E}.Debug|ARM64.Build.0 = Debug|Any CPU
		{E25965B0-C792-42F4-9BAE-F2F23101685E}.Debug|x64.ActiveCfg = Debug|Any CPU
		{E25965B0-C792-42F4-9BAE-F2F23101685E}.Debug|x64.Build.0 = Debug|Any CPU
		{E25965B0-C792-42F4-9BAE-F2F23101685E}.Debug|x86.ActiveCfg = Debug|Any CPU
		{E25965B0-C792-42F4-9BAE-F2F23101685E}.Debug|x86.Build.0 = Debug|Any CPU
		{E25965B0-C792-42F4-9BAE-F2F23101685E}.Release|Any CPU.ActiveCfg = Release|Any CPU
		{E25965B0-C792-42F4-9BAE-F2F23101685E}.Release|Any CPU.Build.0 = Release|Any CPU
		{E25965B0-C792-42F4-9BAE-F2F23101685E}.Release|ARM.ActiveCfg = Release|Any CPU
		{E25965B0-C792-42F4-9BAE-F2F23101685E}.Release|ARM.Build.0 = Release|Any CPU
		{E25965B0-C792-42F4-9BAE-F2F23101685E}.Release|ARM64.ActiveCfg = Release|Any CPU
		{E25965B0-C792-42F4-9BAE-F2F23101685E}.Release|ARM64.Build.0 = Release|Any CPU
		{E25965B0-C792-42F4-9BAE-F2F23101685E}.Release|x64.ActiveCfg = Release|Any CPU
		{E25965B0-C792-42F4-9BAE-F2F23101685E}.Release|x64.Build.0 = Release|Any CPU
		{E25965B0-C792-42F4-9BAE-F2F23101685E}.Release|x86.ActiveCfg = Release|Any CPU
		{E25965B0-C792-42F4-9BAE-F2F23101685E}.Release|x86.Build.0 = Release|Any CPU
		{AA84E3F8-96E7-4D9D-9FD7-29A0BA85FB0C}.Debug|Any CPU.ActiveCfg = Debug|Any CPU
		{AA84E3F8-96E7-4D9D-9FD7-29A0BA85FB0C}.Debug|Any CPU.Build.0 = Debug|Any CPU
		{AA84E3F8-96E7-4D9D-9FD7-29A0BA85FB0C}.Debug|ARM.ActiveCfg = Debug|Any CPU
		{AA84E3F8-96E7-4D9D-9FD7-29A0BA85FB0C}.Debug|ARM.Build.0 = Debug|Any CPU
		{AA84E3F8-96E7-4D9D-9FD7-29A0BA85FB0C}.Debug|ARM64.ActiveCfg = Debug|Any CPU
		{AA84E3F8-96E7-4D9D-9FD7-29A0BA85FB0C}.Debug|ARM64.Build.0 = Debug|Any CPU
		{AA84E3F8-96E7-4D9D-9FD7-29A0BA85FB0C}.Debug|x64.ActiveCfg = Debug|Any CPU
		{AA84E3F8-96E7-4D9D-9FD7-29A0BA85FB0C}.Debug|x64.Build.0 = Debug|Any CPU
		{AA84E3F8-96E7-4D9D-9FD7-29A0BA85FB0C}.Debug|x86.ActiveCfg = Debug|Any CPU
		{AA84E3F8-96E7-4D9D-9FD7-29A0BA85FB0C}.Debug|x86.Build.0 = Debug|Any CPU
		{AA84E3F8-96E7-4D9D-9FD7-29A0BA85FB0C}.Release|Any CPU.ActiveCfg = Release|Any CPU
		{AA84E3F8-96E7-4D9D-9FD7-29A0BA85FB0C}.Release|Any CPU.Build.0 = Release|Any CPU
		{AA84E3F8-96E7-4D9D-9FD7-29A0BA85FB0C}.Release|ARM.ActiveCfg = Release|Any CPU
		{AA84E3F8-96E7-4D9D-9FD7-29A0BA85FB0C}.Release|ARM.Build.0 = Release|Any CPU
		{AA84E3F8-96E7-4D9D-9FD7-29A0BA85FB0C}.Release|ARM64.ActiveCfg = Release|Any CPU
		{AA84E3F8-96E7-4D9D-9FD7-29A0BA85FB0C}.Release|ARM64.Build.0 = Release|Any CPU
		{AA84E3F8-96E7-4D9D-9FD7-29A0BA85FB0C}.Release|x64.ActiveCfg = Release|Any CPU
		{AA84E3F8-96E7-4D9D-9FD7-29A0BA85FB0C}.Release|x64.Build.0 = Release|Any CPU
		{AA84E3F8-96E7-4D9D-9FD7-29A0BA85FB0C}.Release|x86.ActiveCfg = Release|Any CPU
		{AA84E3F8-96E7-4D9D-9FD7-29A0BA85FB0C}.Release|x86.Build.0 = Release|Any CPU
		{007605CC-93CC-4293-90F2-14A44AA902BA}.Debug|Any CPU.ActiveCfg = Debug|x86
		{007605CC-93CC-4293-90F2-14A44AA902BA}.Debug|Any CPU.Build.0 = Debug|x86
		{007605CC-93CC-4293-90F2-14A44AA902BA}.Debug|ARM.ActiveCfg = Debug|x86
		{007605CC-93CC-4293-90F2-14A44AA902BA}.Debug|ARM.Build.0 = Debug|x86
		{007605CC-93CC-4293-90F2-14A44AA902BA}.Debug|ARM64.ActiveCfg = Debug|x86
		{007605CC-93CC-4293-90F2-14A44AA902BA}.Debug|ARM64.Build.0 = Debug|x86
		{007605CC-93CC-4293-90F2-14A44AA902BA}.Debug|x64.ActiveCfg = Debug|x86
		{007605CC-93CC-4293-90F2-14A44AA902BA}.Debug|x64.Build.0 = Debug|x86
		{007605CC-93CC-4293-90F2-14A44AA902BA}.Debug|x86.ActiveCfg = Debug|x86
		{007605CC-93CC-4293-90F2-14A44AA902BA}.Debug|x86.Build.0 = Debug|x86
		{007605CC-93CC-4293-90F2-14A44AA902BA}.Release|Any CPU.ActiveCfg = Release|x86
		{007605CC-93CC-4293-90F2-14A44AA902BA}.Release|Any CPU.Build.0 = Release|x86
		{007605CC-93CC-4293-90F2-14A44AA902BA}.Release|ARM.ActiveCfg = Release|x86
		{007605CC-93CC-4293-90F2-14A44AA902BA}.Release|ARM.Build.0 = Release|x86
		{007605CC-93CC-4293-90F2-14A44AA902BA}.Release|ARM64.ActiveCfg = Release|x86
		{007605CC-93CC-4293-90F2-14A44AA902BA}.Release|ARM64.Build.0 = Release|x86
		{007605CC-93CC-4293-90F2-14A44AA902BA}.Release|x64.ActiveCfg = Release|x86
		{007605CC-93CC-4293-90F2-14A44AA902BA}.Release|x64.Build.0 = Release|x86
		{007605CC-93CC-4293-90F2-14A44AA902BA}.Release|x86.ActiveCfg = Release|x86
		{007605CC-93CC-4293-90F2-14A44AA902BA}.Release|x86.Build.0 = Release|x86
		{02399B41-A079-4E07-9689-F426C1282C7A}.Debug|Any CPU.ActiveCfg = Debug|x86
		{02399B41-A079-4E07-9689-F426C1282C7A}.Debug|Any CPU.Build.0 = Debug|x86
		{02399B41-A079-4E07-9689-F426C1282C7A}.Debug|ARM.ActiveCfg = Debug|x86
		{02399B41-A079-4E07-9689-F426C1282C7A}.Debug|ARM.Build.0 = Debug|x86
		{02399B41-A079-4E07-9689-F426C1282C7A}.Debug|ARM64.ActiveCfg = Debug|x86
		{02399B41-A079-4E07-9689-F426C1282C7A}.Debug|ARM64.Build.0 = Debug|x86
		{02399B41-A079-4E07-9689-F426C1282C7A}.Debug|x64.ActiveCfg = Debug|x86
		{02399B41-A079-4E07-9689-F426C1282C7A}.Debug|x64.Build.0 = Debug|x86
		{02399B41-A079-4E07-9689-F426C1282C7A}.Debug|x86.ActiveCfg = Debug|x86
		{02399B41-A079-4E07-9689-F426C1282C7A}.Debug|x86.Build.0 = Debug|x86
		{02399B41-A079-4E07-9689-F426C1282C7A}.Release|Any CPU.ActiveCfg = Release|x86
		{02399B41-A079-4E07-9689-F426C1282C7A}.Release|Any CPU.Build.0 = Release|x86
		{02399B41-A079-4E07-9689-F426C1282C7A}.Release|ARM.ActiveCfg = Release|x86
		{02399B41-A079-4E07-9689-F426C1282C7A}.Release|ARM.Build.0 = Release|x86
		{02399B41-A079-4E07-9689-F426C1282C7A}.Release|ARM64.ActiveCfg = Release|x86
		{02399B41-A079-4E07-9689-F426C1282C7A}.Release|ARM64.Build.0 = Release|x86
		{02399B41-A079-4E07-9689-F426C1282C7A}.Release|x64.ActiveCfg = Release|x86
		{02399B41-A079-4E07-9689-F426C1282C7A}.Release|x64.Build.0 = Release|x86
		{02399B41-A079-4E07-9689-F426C1282C7A}.Release|x86.ActiveCfg = Release|x86
		{02399B41-A079-4E07-9689-F426C1282C7A}.Release|x86.Build.0 = Release|x86
	EndGlobalSection
	GlobalSection(SolutionProperties) = preSolution
		HideSolutionNode = FALSE
	EndGlobalSection
	GlobalSection(NestedProjects) = preSolution
		{F296959F-7081-4E42-98CD-BEF69EE4219C} = {1316FAD4-0D2C-4C96-9911-58470DAFB5DB}
		{202322BE-8008-4487-B1B8-392E713C6A14} = {1316FAD4-0D2C-4C96-9911-58470DAFB5DB}
		{E25965B0-C792-42F4-9BAE-F2F23101685E} = {1316FAD4-0D2C-4C96-9911-58470DAFB5DB}
		{AA84E3F8-96E7-4D9D-9FD7-29A0BA85FB0C} = {1316FAD4-0D2C-4C96-9911-58470DAFB5DB}
		{007605CC-93CC-4293-90F2-14A44AA902BA} = {87AF60CF-C262-47D6-B029-BD26FC187F23}
		{02399B41-A079-4E07-9689-F426C1282C7A} = {87AF60CF-C262-47D6-B029-BD26FC187F23}
	EndGlobalSection
	GlobalSection(ExtensibilityGlobals) = postSolution
		SolutionGuid = {48AED268-0783-4893-99D5-DFB33D4066A3}
	EndGlobalSection
EndGlobal
