
Microsoft Visual Studio Solution File, Format Version 12.00
# Visual Studio Version 17
VisualStudioVersion = 17.0.31825.309
MinimumVisualStudioVersion = 10.0.40219.1
Project("{54435603-DBB4-11D2-8724-00A0C9A8B90C}") = "APKInstaller (Installer)", "APKInstaller\APKInstaller (Installer)\APKInstaller (Installer).vdproj", "{8E714644-AA90-427E-A49C-E1D70220202F}"
EndProject
Project("{FAE04EC0-301F-11D3-BF4B-00C04F79EFBC}") = "AAPTForNet", "APKInstaller\AAPTForNet\AAPTForNet.csproj", "{22AA131D-DBA0-445C-B790-FDFD951A1655}"
EndProject
Project("{9A19103F-16F7-4668-BE54-9A1E7A4F7556}") = "APKInstaller", "APKInstaller\APKInstaller\APKInstaller.csproj", "{7DB197ED-388E-4D76-8388-D7EAE5210723}"
EndProject
Project("{C7167F0D-BC9F-4E6E-AFE1-012C56B48DB5}") = "APKInstaller (Package)", "APKInstaller\APKInstaller (Package)\APKInstaller (Package).wapproj", "{4C63B7FD-397E-41F9-9E84-8FF62FC63E16}"
EndProject
Global
	GlobalSection(SolutionConfigurationPlatforms) = preSolution
		Debug|Any CPU = Debug|Any CPU
		Debug|ARM = Debug|ARM
		Debug|ARM64 = Debug|ARM64
		Debug|x64 = Debug|x64
		Debug|x86 = Debug|x86
		Release|Any CPU = Release|Any CPU
		Release|ARM = Release|ARM
		Release|ARM64 = Release|ARM64
		Release|x64 = Release|x64
		Release|x86 = Release|x86
	EndGlobalSection
	GlobalSection(ProjectConfigurationPlatforms) = postSolution
		{8E714644-AA90-427E-A49C-E1D70220202F}.Debug|Any CPU.ActiveCfg = Debug
		{8E714644-AA90-427E-A49C-E1D70220202F}.Debug|Any CPU.Build.0 = Debug
		{8E714644-AA90-427E-A49C-E1D70220202F}.Debug|ARM.ActiveCfg = Debug
		{8E714644-AA90-427E-A49C-E1D70220202F}.Debug|ARM.Build.0 = Debug
		{8E714644-AA90-427E-A49C-E1D70220202F}.Debug|ARM64.ActiveCfg = Debug
		{8E714644-AA90-427E-A49C-E1D70220202F}.Debug|ARM64.Build.0 = Debug
		{8E714644-AA90-427E-A49C-E1D70220202F}.Debug|x64.ActiveCfg = Debug
		{8E714644-AA90-427E-A49C-E1D70220202F}.Debug|x64.Build.0 = Debug
		{8E714644-AA90-427E-A49C-E1D70220202F}.Debug|x86.ActiveCfg = Debug
		{8E714644-AA90-427E-A49C-E1D70220202F}.Debug|x86.Build.0 = Debug
		{8E714644-AA90-427E-A49C-E1D70220202F}.Release|Any CPU.ActiveCfg = Release
		{8E714644-AA90-427E-A49C-E1D70220202F}.Release|Any CPU.Build.0 = Release
		{8E714644-AA90-427E-A49C-E1D70220202F}.Release|ARM.ActiveCfg = Release
		{8E714644-AA90-427E-A49C-E1D70220202F}.Release|ARM.Build.0 = Release
		{8E714644-AA90-427E-A49C-E1D70220202F}.Release|ARM64.ActiveCfg = Release
		{8E714644-AA90-427E-A49C-E1D70220202F}.Release|ARM64.Build.0 = Release
		{8E714644-AA90-427E-A49C-E1D70220202F}.Release|x64.ActiveCfg = Release
		{8E714644-AA90-427E-A49C-E1D70220202F}.Release|x64.Build.0 = Release
		{8E714644-AA90-427E-A49C-E1D70220202F}.Release|x86.ActiveCfg = Release
		{8E714644-AA90-427E-A49C-E1D70220202F}.Release|x86.Build.0 = Release
		{22AA131D-DBA0-445C-B790-FDFD951A1655}.Debug|Any CPU.ActiveCfg = Debug|Any CPU
		{22AA131D-DBA0-445C-B790-FDFD951A1655}.Debug|Any CPU.Build.0 = Debug|Any CPU
		{22AA131D-DBA0-445C-B790-FDFD951A1655}.Debug|ARM.ActiveCfg = Debug|Any CPU
		{22AA131D-DBA0-445C-B790-FDFD951A1655}.Debug|ARM.Build.0 = Debug|Any CPU
		{22AA131D-DBA0-445C-B790-FDFD951A1655}.Debug|ARM64.ActiveCfg = Debug|Any CPU
		{22AA131D-DBA0-445C-B790-FDFD951A1655}.Debug|ARM64.Build.0 = Debug|Any CPU
		{22AA131D-DBA0-445C-B790-FDFD951A1655}.Debug|x64.ActiveCfg = Debug|Any CPU
		{22AA131D-DBA0-445C-B790-FDFD951A1655}.Debug|x64.Build.0 = Debug|Any CPU
		{22AA131D-DBA0-445C-B790-FDFD951A1655}.Debug|x86.ActiveCfg = Debug|Any CPU
		{22AA131D-DBA0-445C-B790-FDFD951A1655}.Debug|x86.Build.0 = Debug|Any CPU
		{22AA131D-DBA0-445C-B790-FDFD951A1655}.Release|Any CPU.ActiveCfg = Release|Any CPU
		{22AA131D-DBA0-445C-B790-FDFD951A1655}.Release|Any CPU.Build.0 = Release|Any CPU
		{22AA131D-DBA0-445C-B790-FDFD951A1655}.Release|ARM.ActiveCfg = Release|Any CPU
		{22AA131D-DBA0-445C-B790-FDFD951A1655}.Release|ARM.Build.0 = Release|Any CPU
		{22AA131D-DBA0-445C-B790-FDFD951A1655}.Release|ARM64.ActiveCfg = Release|Any CPU
		{22AA131D-DBA0-445C-B790-FDFD951A1655}.Release|ARM64.Build.0 = Release|Any CPU
		{22AA131D-DBA0-445C-B790-FDFD951A1655}.Release|x64.ActiveCfg = Release|Any CPU
		{22AA131D-DBA0-445C-B790-FDFD951A1655}.Release|x64.Build.0 = Release|Any CPU
		{22AA131D-DBA0-445C-B790-FDFD951A1655}.Release|x86.ActiveCfg = Release|Any CPU
		{22AA131D-DBA0-445C-B790-FDFD951A1655}.Release|x86.Build.0 = Release|Any CPU
		{7DB197ED-388E-4D76-8388-D7EAE5210723}.Debug|Any CPU.ActiveCfg = Debug|Any CPU
		{7DB197ED-388E-4D76-8388-D7EAE5210723}.Debug|Any CPU.Build.0 = Debug|Any CPU
		{7DB197ED-388E-4D76-8388-D7EAE5210723}.Debug|ARM.ActiveCfg = Debug|Any CPU
		{7DB197ED-388E-4D76-8388-D7EAE5210723}.Debug|ARM.Build.0 = Debug|Any CPU
		{7DB197ED-388E-4D76-8388-D7EAE5210723}.Debug|ARM64.ActiveCfg = Debug|Any CPU
		{7DB197ED-388E-4D76-8388-D7EAE5210723}.Debug|ARM64.Build.0 = Debug|Any CPU
		{7DB197ED-388E-4D76-8388-D7EAE5210723}.Debug|x64.ActiveCfg = Debug|Any CPU
		{7DB197ED-388E-4D76-8388-D7EAE5210723}.Debug|x64.Build.0 = Debug|Any CPU
		{7DB197ED-388E-4D76-8388-D7EAE5210723}.Debug|x86.ActiveCfg = Debug|Any CPU
		{7DB197ED-388E-4D76-8388-D7EAE5210723}.Debug|x86.Build.0 = Debug|Any CPU
		{7DB197ED-388E-4D76-8388-D7EAE5210723}.Release|Any CPU.ActiveCfg = Release|Any CPU
		{7DB197ED-388E-4D76-8388-D7EAE5210723}.Release|Any CPU.Build.0 = Release|Any CPU
		{7DB197ED-388E-4D76-8388-D7EAE5210723}.Release|ARM.ActiveCfg = Release|Any CPU
		{7DB197ED-388E-4D76-8388-D7EAE5210723}.Release|ARM.Build.0 = Release|Any CPU
		{7DB197ED-388E-4D76-8388-D7EAE5210723}.Release|ARM64.ActiveCfg = Release|Any CPU
		{7DB197ED-388E-4D76-8388-D7EAE5210723}.Release|ARM64.Build.0 = Release|Any CPU
		{7DB197ED-388E-4D76-8388-D7EAE5210723}.Release|x64.ActiveCfg = Release|Any CPU
		{7DB197ED-388E-4D76-8388-D7EAE5210723}.Release|x64.Build.0 = Release|Any CPU
		{7DB197ED-388E-4D76-8388-D7EAE5210723}.Release|x86.ActiveCfg = Release|Any CPU
		{7DB197ED-388E-4D76-8388-D7EAE5210723}.Release|x86.Build.0 = Release|Any CPU
		{4C63B7FD-397E-41F9-9E84-8FF62FC63E16}.Debug|Any CPU.ActiveCfg = Debug|Any CPU
		{4C63B7FD-397E-41F9-9E84-8FF62FC63E16}.Debug|Any CPU.Build.0 = Debug|Any CPU
		{4C63B7FD-397E-41F9-9E84-8FF62FC63E16}.Debug|Any CPU.Deploy.0 = Debug|Any CPU
		{4C63B7FD-397E-41F9-9E84-8FF62FC63E16}.Debug|ARM.ActiveCfg = Debug|ARM
		{4C63B7FD-397E-41F9-9E84-8FF62FC63E16}.Debug|ARM.Build.0 = Debug|ARM
		{4C63B7FD-397E-41F9-9E84-8FF62FC63E16}.Debug|ARM.Deploy.0 = Debug|ARM
		{4C63B7FD-397E-41F9-9E84-8FF62FC63E16}.Debug|ARM64.ActiveCfg = Debug|ARM64
		{4C63B7FD-397E-41F9-9E84-8FF62FC63E16}.Debug|ARM64.Build.0 = Debug|ARM64
		{4C63B7FD-397E-41F9-9E84-8FF62FC63E16}.Debug|ARM64.Deploy.0 = Debug|ARM64
		{4C63B7FD-397E-41F9-9E84-8FF62FC63E16}.Debug|x64.ActiveCfg = Debug|x64
		{4C63B7FD-397E-41F9-9E84-8FF62FC63E16}.Debug|x64.Build.0 = Debug|x64
		{4C63B7FD-397E-41F9-9E84-8FF62FC63E16}.Debug|x64.Deploy.0 = Debug|x64
		{4C63B7FD-397E-41F9-9E84-8FF62FC63E16}.Debug|x86.ActiveCfg = Debug|x86
		{4C63B7FD-397E-41F9-9E84-8FF62FC63E16}.Debug|x86.Build.0 = Debug|x86
		{4C63B7FD-397E-41F9-9E84-8FF62FC63E16}.Debug|x86.Deploy.0 = Debug|x86
		{4C63B7FD-397E-41F9-9E84-8FF62FC63E16}.Release|Any CPU.ActiveCfg = Release|Any CPU
		{4C63B7FD-397E-41F9-9E84-8FF62FC63E16}.Release|Any CPU.Build.0 = Release|Any CPU
		{4C63B7FD-397E-41F9-9E84-8FF62FC63E16}.Release|Any CPU.Deploy.0 = Release|Any CPU
		{4C63B7FD-397E-41F9-9E84-8FF62FC63E16}.Release|ARM.ActiveCfg = Release|ARM
		{4C63B7FD-397E-41F9-9E84-8FF62FC63E16}.Release|ARM.Build.0 = Release|ARM
		{4C63B7FD-397E-41F9-9E84-8FF62FC63E16}.Release|ARM.Deploy.0 = Release|ARM
		{4C63B7FD-397E-41F9-9E84-8FF62FC63E16}.Release|ARM64.ActiveCfg = Release|ARM64
		{4C63B7FD-397E-41F9-9E84-8FF62FC63E16}.Release|ARM64.Build.0 = Release|ARM64
		{4C63B7FD-397E-41F9-9E84-8FF62FC63E16}.Release|ARM64.Deploy.0 = Release|ARM64
		{4C63B7FD-397E-41F9-9E84-8FF62FC63E16}.Release|x64.ActiveCfg = Release|x64
		{4C63B7FD-397E-41F9-9E84-8FF62FC63E16}.Release|x64.Build.0 = Release|x64
		{4C63B7FD-397E-41F9-9E84-8FF62FC63E16}.Release|x64.Deploy.0 = Release|x64
		{4C63B7FD-397E-41F9-9E84-8FF62FC63E16}.Release|x86.ActiveCfg = Release|x86
		{4C63B7FD-397E-41F9-9E84-8FF62FC63E16}.Release|x86.Build.0 = Release|x86
		{4C63B7FD-397E-41F9-9E84-8FF62FC63E16}.Release|x86.Deploy.0 = Release|x86
	EndGlobalSection
	GlobalSection(SolutionProperties) = preSolution
		HideSolutionNode = FALSE
	EndGlobalSection
	GlobalSection(ExtensibilityGlobals) = postSolution
		SolutionGuid = {0F361E18-34D0-4ADB-9027-73C449E873E6}
	EndGlobalSection
EndGlobal
