
Microsoft Visual Studio Solution File, Format Version 12.00
# Visual Studio Version 17
VisualStudioVersion = 17.3.32519.111
MinimumVisualStudioVersion = 10.0.40219.1
Project("{9A19103F-16F7-4668-BE54-9A1E7A4F7556}") = "APKInstaller", "APKInstaller\APKInstaller\APKInstaller.csproj", "{0A7BFE98-6530-430A-AE39-3294A40E8DE4}"
EndProject
Project("{C7167F0D-BC9F-4E6E-AFE1-012C56B48DB5}") = "APKInstaller (Package)", "APKInstaller\APKInstaller (Package)\APKInstaller (Package).wapproj", "{0F1D0C89-68EF-47E7-B426-86095216BB6E}"
EndProject
Project("{2150E333-8FDC-42A3-9474-1A3956D46DE8}") = "Libs", "Libs", "{1FD95CB8-6B2D-4711-8349-60B34E1E474A}"
EndProject
Project("{9A19103F-16F7-4668-BE54-9A1E7A4F7556}") = "ModernWpf", "..\ModernWpf\ModernWpf\ModernWpf.csproj", "{EEDC1349-F9A0-41E3-BE5D-63D7DFA8FA91}"
EndProject
Project("{9A19103F-16F7-4668-BE54-9A1E7A4F7556}") = "ModernWpf.Controls", "..\ModernWpf\ModernWpf.Controls\ModernWpf.Controls.csproj", "{EE884434-36D3-42B8-BC36-4CF4D177E24B}"
EndProject
Project("{9A19103F-16F7-4668-BE54-9A1E7A4F7556}") = "AdvancedSharpAdbClient", "..\AdvancedSharpAdbClient\AdvancedSharpAdbClient\AdvancedSharpAdbClient.csproj", "{A241A4AC-A00F-45C1-A262-B3F1063970CD}"
EndProject
Project("{9A19103F-16F7-4668-BE54-9A1E7A4F7556}") = "AAPTForNet", "APKInstaller\AAPTForNet\AAPTForNet.csproj", "{FFEBD65E-63D8-4DB7-AB61-435D2841373A}"
EndProject
Project("{54435603-DBB4-11D2-8724-00A0C9A8B90C}") = "APKInstaller (Installer)", "APKInstaller\APKInstaller (Installer)\APKInstaller (Installer).vdproj", "{DE9F6CF4-E38D-41B1-8020-3AA643BCB811}"
EndProject
Global
	GlobalSection(SolutionConfigurationPlatforms) = preSolution
		Debug|Any CPU = Debug|Any CPU
		Release|Any CPU = Release|Any CPU
	EndGlobalSection
	GlobalSection(ProjectConfigurationPlatforms) = postSolution
		{0A7BFE98-6530-430A-AE39-3294A40E8DE4}.Debug|Any CPU.ActiveCfg = Debug|Any CPU
		{0A7BFE98-6530-430A-AE39-3294A40E8DE4}.Debug|Any CPU.Build.0 = Debug|Any CPU
		{0A7BFE98-6530-430A-AE39-3294A40E8DE4}.Release|Any CPU.ActiveCfg = Release|Any CPU
		{0A7BFE98-6530-430A-AE39-3294A40E8DE4}.Release|Any CPU.Build.0 = Release|Any CPU
		{0F1D0C89-68EF-47E7-B426-86095216BB6E}.Debug|Any CPU.ActiveCfg = Debug|Any CPU
		{0F1D0C89-68EF-47E7-B426-86095216BB6E}.Debug|Any CPU.Build.0 = Debug|Any CPU
		{0F1D0C89-68EF-47E7-B426-86095216BB6E}.Debug|Any CPU.Deploy.0 = Debug|Any CPU
		{0F1D0C89-68EF-47E7-B426-86095216BB6E}.Release|Any CPU.ActiveCfg = Release|Any CPU
		{0F1D0C89-68EF-47E7-B426-86095216BB6E}.Release|Any CPU.Build.0 = Release|Any CPU
		{0F1D0C89-68EF-47E7-B426-86095216BB6E}.Release|Any CPU.Deploy.0 = Release|Any CPU
		{EEDC1349-F9A0-41E3-BE5D-63D7DFA8FA91}.Debug|Any CPU.ActiveCfg = Debug|Any CPU
		{EEDC1349-F9A0-41E3-BE5D-63D7DFA8FA91}.Debug|Any CPU.Build.0 = Debug|Any CPU
		{EEDC1349-F9A0-41E3-BE5D-63D7DFA8FA91}.Release|Any CPU.ActiveCfg = Release|Any CPU
		{EEDC1349-F9A0-41E3-BE5D-63D7DFA8FA91}.Release|Any CPU.Build.0 = Release|Any CPU
		{EE884434-36D3-42B8-BC36-4CF4D177E24B}.Debug|Any CPU.ActiveCfg = Debug|Any CPU
		{EE884434-36D3-42B8-BC36-4CF4D177E24B}.Debug|Any CPU.Build.0 = Debug|Any CPU
		{EE884434-36D3-42B8-BC36-4CF4D177E24B}.Release|Any CPU.ActiveCfg = Release|Any CPU
		{EE884434-36D3-42B8-BC36-4CF4D177E24B}.Release|Any CPU.Build.0 = Release|Any CPU
		{A241A4AC-A00F-45C1-A262-B3F1063970CD}.Debug|Any CPU.ActiveCfg = Debug|Any CPU
		{A241A4AC-A00F-45C1-A262-B3F1063970CD}.Debug|Any CPU.Build.0 = Debug|Any CPU
		{A241A4AC-A00F-45C1-A262-B3F1063970CD}.Release|Any CPU.ActiveCfg = Release|Any CPU
		{A241A4AC-A00F-45C1-A262-B3F1063970CD}.Release|Any CPU.Build.0 = Release|Any CPU
		{FFEBD65E-63D8-4DB7-AB61-435D2841373A}.Debug|Any CPU.ActiveCfg = Debug|Any CPU
		{FFEBD65E-63D8-4DB7-AB61-435D2841373A}.Debug|Any CPU.Build.0 = Debug|Any CPU
		{FFEBD65E-63D8-4DB7-AB61-435D2841373A}.Release|Any CPU.ActiveCfg = Release|Any CPU
		{FFEBD65E-63D8-4DB7-AB61-435D2841373A}.Release|Any CPU.Build.0 = Release|Any CPU
		{DE9F6CF4-E38D-41B1-8020-3AA643BCB811}.Debug|Any CPU.ActiveCfg = Debug
		{DE9F6CF4-E38D-41B1-8020-3AA643BCB811}.Release|Any CPU.ActiveCfg = Release
	EndGlobalSection
	GlobalSection(SolutionProperties) = preSolution
		HideSolutionNode = FALSE
	EndGlobalSection
	GlobalSection(NestedProjects) = preSolution
		{EEDC1349-F9A0-41E3-BE5D-63D7DFA8FA91} = {1FD95CB8-6B2D-4711-8349-60B34E1E474A}
		{EE884434-36D3-42B8-BC36-4CF4D177E24B} = {1FD95CB8-6B2D-4711-8349-60B34E1E474A}
		{A241A4AC-A00F-45C1-A262-B3F1063970CD} = {1FD95CB8-6B2D-4711-8349-60B34E1E474A}
	EndGlobalSection
	GlobalSection(ExtensibilityGlobals) = postSolution
		SolutionGuid = {19A47F58-5FC3-42B9-BD75-C07D2D4771B6}
	EndGlobalSection
EndGlobal
